// !$*UTF8*$!
{
	archiveVersion = 1;
	classes = {
	};
	objectVersion = 55;
	objects = {

/* Begin PBXBuildFile section */
		6AC673B42855DDDE009D58A2 /* SamuwriteNativeApp.swift in Sources */ = {isa = PBXBuildFile; fileRef = 6AC673B32855DDDE009D58A2 /* SamuwriteNativeApp.swift */; };
		6AC673B62855DDDE009D58A2 /* ContentView.swift in Sources */ = {isa = PBXBuildFile; fileRef = 6AC673B52855DDDE009D58A2 /* ContentView.swift */; };
		6AC673B82855DDDF009D58A2 /* Assets.xcassets in Resources */ = {isa = PBXBuildFile; fileRef = 6AC673B72855DDDF009D58A2 /* Assets.xcassets */; };
		6AC673BB2855DDDF009D58A2 /* Preview Assets.xcassets in Resources */ = {isa = PBXBuildFile; fileRef = 6AC673BA2855DDDF009D58A2 /* Preview Assets.xcassets */; };
		6AC673C32855E8DE009D58A2 /* WebView.swift in Sources */ = {isa = PBXBuildFile; fileRef = 6AC673C22855E8DE009D58A2 /* WebView.swift */; };
		6AC673C62855EA76009D58A2 /* LocalSite.html in Resources */ = {isa = PBXBuildFile; fileRef = 6AC673C52855EA76009D58A2 /* LocalSite.html */; };
		6AC839182858E1D300B235AA /* dist in Resources */ = {isa = PBXBuildFile; fileRef = 6AC839172858E1D300B235AA /* dist */; };
/* End PBXBuildFile section */

/* Begin PBXFileReference section */
		6A89EB8E28589C70006D2258 /* Info.plist */ = {isa = PBXFileReference; lastKnownFileType = text.plist; path = Info.plist; sourceTree = "<group>"; };
		6AC673B02855DDDE009D58A2 /* Samuwrite.app */ = {isa = PBXFileReference; explicitFileType = wrapper.application; includeInIndex = 0; path = Samuwrite.app; sourceTree = BUILT_PRODUCTS_DIR; };
		6AC673B32855DDDE009D58A2 /* SamuwriteNativeApp.swift */ = {isa = PBXFileReference; lastKnownFileType = sourcecode.swift; path = SamuwriteNativeApp.swift; sourceTree = "<group>"; };
		6AC673B52855DDDE009D58A2 /* ContentView.swift */ = {isa = PBXFileReference; lastKnownFileType = sourcecode.swift; path = ContentView.swift; sourceTree = "<group>"; };
		6AC673B72855DDDF009D58A2 /* Assets.xcassets */ = {isa = PBXFileReference; lastKnownFileType = folder.assetcatalog; path = Assets.xcassets; sourceTree = "<group>"; };
		6AC673BA2855DDDF009D58A2 /* Preview Assets.xcassets */ = {isa = PBXFileReference; lastKnownFileType = folder.assetcatalog; path = "Preview Assets.xcassets"; sourceTree = "<group>"; };
		6AC673BC2855DDDF009D58A2 /* SamuwriteNative.entitlements */ = {isa = PBXFileReference; lastKnownFileType = text.plist.entitlements; path = SamuwriteNative.entitlements; sourceTree = "<group>"; };
		6AC673C22855E8DE009D58A2 /* WebView.swift */ = {isa = PBXFileReference; lastKnownFileType = sourcecode.swift; path = WebView.swift; sourceTree = "<group>"; };
		6AC673C52855EA76009D58A2 /* LocalSite.html */ = {isa = PBXFileReference; lastKnownFileType = text.html; path = LocalSite.html; sourceTree = "<group>"; };
		6AC839172858E1D300B235AA /* dist */ = {isa = PBXFileReference; lastKnownFileType = folder; path = dist; sourceTree = "<group>"; };
/* End PBXFileReference section */

/* Begin PBXFrameworksBuildPhase section */
		6AC673AD2855DDDE009D58A2 /* Frameworks */ = {
			isa = PBXFrameworksBuildPhase;
			buildActionMask = 2147483647;
			files = (
			);
			runOnlyForDeploymentPostprocessing = 0;
		};
/* End PBXFrameworksBuildPhase section */

/* Begin PBXGroup section */
		6AC673A72855DDDE009D58A2 = {
			isa = PBXGroup;
			children = (
				6AC673B22855DDDE009D58A2 /* SamuwriteNative */,
				6AC673B12855DDDE009D58A2 /* Products */,
			);
			sourceTree = "<group>";
		};
		6AC673B12855DDDE009D58A2 /* Products */ = {
			isa = PBXGroup;
			children = (
				6AC673B02855DDDE009D58A2 /* Samuwrite.app */,
			);
			name = Products;
			sourceTree = "<group>";
		};
		6AC673B22855DDDE009D58A2 /* SamuwriteNative */ = {
			isa = PBXGroup;
			children = (
				6A89EB8E28589C70006D2258 /* Info.plist */,
				6AC673BC2855DDDF009D58A2 /* SamuwriteNative.entitlements */,
				6AC673C42855EA55009D58A2 /* Resources */,
				6AC673B32855DDDE009D58A2 /* SamuwriteNativeApp.swift */,
				6AC673B52855DDDE009D58A2 /* ContentView.swift */,
				6AC673C22855E8DE009D58A2 /* WebView.swift */,
				6AC673B92855DDDF009D58A2 /* Preview Content */,
			);
			path = SamuwriteNative;
			sourceTree = "<group>";
		};
		6AC673B92855DDDF009D58A2 /* Preview Content */ = {
			isa = PBXGroup;
			children = (
				6AC673BA2855DDDF009D58A2 /* Preview Assets.xcassets */,
			);
			path = "Preview Content";
			sourceTree = "<group>";
		};
		6AC673C42855EA55009D58A2 /* Resources */ = {
			isa = PBXGroup;
			children = (
				6AC673C52855EA76009D58A2 /* LocalSite.html */,
				6AC673B72855DDDF009D58A2 /* Assets.xcassets */,
				6AC839172858E1D300B235AA /* dist */,
			);
			path = Resources;
			sourceTree = "<group>";
		};
/* End PBXGroup section */

/* Begin PBXNativeTarget section */
		6AC673AF2855DDDE009D58A2 /* SamuwriteNative */ = {
			isa = PBXNativeTarget;
			buildConfigurationList = 6AC673BF2855DDDF009D58A2 /* Build configuration list for PBXNativeTarget "SamuwriteNative" */;
			buildPhases = (
				6AC673AC2855DDDE009D58A2 /* Sources */,
				6AC673AD2855DDDE009D58A2 /* Frameworks */,
				6AC673AE2855DDDE009D58A2 /* Resources */,
			);
			buildRules = (
			);
			dependencies = (
			);
			name = SamuwriteNative;
			productName = SamuwriteNative;
			productReference = 6AC673B02855DDDE009D58A2 /* Samuwrite.app */;
			productType = "com.apple.product-type.application";
		};
/* End PBXNativeTarget section */

/* Begin PBXProject section */
		6AC673A82855DDDE009D58A2 /* Project object */ = {
			isa = PBXProject;
			attributes = {
				BuildIndependentTargetsInParallel = 1;
				LastSwiftUpdateCheck = 1400;
				LastUpgradeCheck = 1400;
				TargetAttributes = {
					6AC673AF2855DDDE009D58A2 = {
						CreatedOnToolsVersion = 14.0;
					};
				};
			};
			buildConfigurationList = 6AC673AB2855DDDE009D58A2 /* Build configuration list for PBXProject "SamuwriteNative" */;
			compatibilityVersion = "Xcode 13.0";
			developmentRegion = en;
			hasScannedForEncodings = 0;
			knownRegions = (
				en,
				Base,
			);
			mainGroup = 6AC673A72855DDDE009D58A2;
			productRefGroup = 6AC673B12855DDDE009D58A2 /* Products */;
			projectDirPath = "";
			projectRoot = "";
			targets = (
				6AC673AF2855DDDE009D58A2 /* SamuwriteNative */,
			);
		};
/* End PBXProject section */

/* Begin PBXResourcesBuildPhase section */
		6AC673AE2855DDDE009D58A2 /* Resources */ = {
			isa = PBXResourcesBuildPhase;
			buildActionMask = 2147483647;
			files = (
				6AC839182858E1D300B235AA /* dist in Resources */,
				6AC673BB2855DDDF009D58A2 /* Preview Assets.xcassets in Resources */,
				6AC673B82855DDDF009D58A2 /* Assets.xcassets in Resources */,
				6AC673C62855EA76009D58A2 /* LocalSite.html in Resources */,
			);
			runOnlyForDeploymentPostprocessing = 0;
		};
/* End PBXResourcesBuildPhase section */

/* Begin PBXSourcesBuildPhase section */
		6AC673AC2855DDDE009D58A2 /* Sources */ = {
			isa = PBXSourcesBuildPhase;
			buildActionMask = 2147483647;
			files = (
				6AC673B62855DDDE009D58A2 /* ContentView.swift in Sources */,
				6AC673C32855E8DE009D58A2 /* WebView.swift in Sources */,
				6AC673B42855DDDE009D58A2 /* SamuwriteNativeApp.swift in Sources */,
			);
			runOnlyForDeploymentPostprocessing = 0;
		};
/* End PBXSourcesBuildPhase section */

/* Begin XCBuildConfiguration section */
		6AC673BD2855DDDF009D58A2 /* Debug */ = {
			isa = XCBuildConfiguration;
			buildSettings = {
				ALWAYS_SEARCH_USER_PATHS = NO;
				CLANG_ANALYZER_NONNULL = YES;
				CLANG_ANALYZER_NUMBER_OBJECT_CONVERSION = YES_AGGRESSIVE;
				CLANG_CXX_LANGUAGE_STANDARD = "gnu++17";
				CLANG_ENABLE_MODULES = YES;
				CLANG_ENABLE_OBJC_ARC = YES;
				CLANG_ENABLE_OBJC_WEAK = YES;
				CLANG_WARN_BLOCK_CAPTURE_AUTORELEASING = YES;
				CLANG_WARN_BOOL_CONVERSION = YES;
				CLANG_WARN_COMMA = YES;
				CLANG_WARN_CONSTANT_CONVERSION = YES;
				CLANG_WARN_DEPRECATED_OBJC_IMPLEMENTATIONS = YES;
				CLANG_WARN_DIRECT_OBJC_ISA_USAGE = YES_ERROR;
				CLANG_WARN_DOCUMENTATION_COMMENTS = YES;
				CLANG_WARN_EMPTY_BODY = YES;
				CLANG_WARN_ENUM_CONVERSION = YES;
				CLANG_WARN_INFINITE_RECURSION = YES;
				CLANG_WARN_INT_CONVERSION = YES;
				CLANG_WARN_NON_LITERAL_NULL_CONVERSION = YES;
				CLANG_WARN_OBJC_IMPLICIT_RETAIN_SELF = YES;
				CLANG_WARN_OBJC_LITERAL_CONVERSION = YES;
				CLANG_WARN_OBJC_ROOT_CLASS = YES_ERROR;
				CLANG_WARN_QUOTED_INCLUDE_IN_FRAMEWORK_HEADER = YES;
				CLANG_WARN_RANGE_LOOP_ANALYSIS = YES;
				CLANG_WARN_STRICT_PROTOTYPES = YES;
				CLANG_WARN_SUSPICIOUS_MOVE = YES;
				CLANG_WARN_UNGUARDED_AVAILABILITY = YES_AGGRESSIVE;
				CLANG_WARN_UNREACHABLE_CODE = YES;
				CLANG_WARN__DUPLICATE_METHOD_MATCH = YES;
				COPY_PHASE_STRIP = NO;
				DEBUG_INFORMATION_FORMAT = dwarf;
				ENABLE_STRICT_OBJC_MSGSEND = YES;
				ENABLE_TESTABILITY = YES;
				GCC_C_LANGUAGE_STANDARD = gnu11;
				GCC_DYNAMIC_NO_PIC = NO;
				GCC_NO_COMMON_BLOCKS = YES;
				GCC_OPTIMIZATION_LEVEL = 0;
				GCC_PREPROCESSOR_DEFINITIONS = (
					"DEBUG=1",
					"$(inherited)",
				);
				GCC_WARN_64_TO_32_BIT_CONVERSION = YES;
				GCC_WARN_ABOUT_RETURN_TYPE = YES_ERROR;
				GCC_WARN_UNDECLARED_SELECTOR = YES;
				GCC_WARN_UNINITIALIZED_AUTOS = YES_AGGRESSIVE;
				GCC_WARN_UNUSED_FUNCTION = YES;
				GCC_WARN_UNUSED_VARIABLE = YES;
				MACOSX_DEPLOYMENT_TARGET = 13.0;
				MTL_ENABLE_DEBUG_INFO = INCLUDE_SOURCE;
				MTL_FAST_MATH = YES;
				ONLY_ACTIVE_ARCH = YES;
				SDKROOT = macosx;
				SWIFT_ACTIVE_COMPILATION_CONDITIONS = DEBUG;
				SWIFT_OPTIMIZATION_LEVEL = "-Onone";
			};
			name = Debug;
		};
		6AC673BE2855DDDF009D58A2 /* Release */ = {
			isa = XCBuildConfiguration;
			buildSettings = {
				ALWAYS_SEARCH_USER_PATHS = NO;
				CLANG_ANALYZER_NONNULL = YES;
				CLANG_ANALYZER_NUMBER_OBJECT_CONVERSION = YES_AGGRESSIVE;
				CLANG_CXX_LANGUAGE_STANDARD = "gnu++17";
				CLANG_ENABLE_MODULES = YES;
				CLANG_ENABLE_OBJC_ARC = YES;
				CLANG_ENABLE_OBJC_WEAK = YES;
				CLANG_WARN_BLOCK_CAPTURE_AUTORELEASING = YES;
				CLANG_WARN_BOOL_CONVERSION = YES;
				CLANG_WARN_COMMA = YES;
				CLANG_WARN_CONSTANT_CONVERSION = YES;
				CLANG_WARN_DEPRECATED_OBJC_IMPLEMENTATIONS = YES;
				CLANG_WARN_DIRECT_OBJC_ISA_USAGE = YES_ERROR;
				CLANG_WARN_DOCUMENTATION_COMMENTS = YES;
				CLANG_WARN_EMPTY_BODY = YES;
				CLANG_WARN_ENUM_CONVERSION = YES;
				CLANG_WARN_INFINITE_RECURSION = YES;
				CLANG_WARN_INT_CONVERSION = YES;
				CLANG_WARN_NON_LITERAL_NULL_CONVERSION = YES;
				CLANG_WARN_OBJC_IMPLICIT_RETAIN_SELF = YES;
				CLANG_WARN_OBJC_LITERAL_CONVERSION = YES;
				CLANG_WARN_OBJC_ROOT_CLASS = YES_ERROR;
				CLANG_WARN_QUOTED_INCLUDE_IN_FRAMEWORK_HEADER = YES;
				CLANG_WARN_RANGE_LOOP_ANALYSIS = YES;
				CLANG_WARN_STRICT_PROTOTYPES = YES;
				CLANG_WARN_SUSPICIOUS_MOVE = YES;
				CLANG_WARN_UNGUARDED_AVAILABILITY = YES_AGGRESSIVE;
				CLANG_WARN_UNREACHABLE_CODE = YES;
				CLANG_WARN__DUPLICATE_METHOD_MATCH = YES;
				COPY_PHASE_STRIP = NO;
				DEBUG_INFORMATION_FORMAT = "dwarf-with-dsym";
				ENABLE_NS_ASSERTIONS = NO;
				ENABLE_STRICT_OBJC_MSGSEND = YES;
				GCC_C_LANGUAGE_STANDARD = gnu11;
				GCC_NO_COMMON_BLOCKS = YES;
				GCC_WARN_64_TO_32_BIT_CONVERSION = YES;
				GCC_WARN_ABOUT_RETURN_TYPE = YES_ERROR;
				GCC_WARN_UNDECLARED_SELECTOR = YES;
				GCC_WARN_UNINITIALIZED_AUTOS = YES_AGGRESSIVE;
				GCC_WARN_UNUSED_FUNCTION = YES;
				GCC_WARN_UNUSED_VARIABLE = YES;
				MACOSX_DEPLOYMENT_TARGET = 13.0;
				MTL_ENABLE_DEBUG_INFO = NO;
				MTL_FAST_MATH = YES;
				SDKROOT = macosx;
				SWIFT_COMPILATION_MODE = wholemodule;
				SWIFT_OPTIMIZATION_LEVEL = "-O";
			};
			name = Release;
		};
		6AC673C02855DDDF009D58A2 /* Debug */ = {
			isa = XCBuildConfiguration;
			buildSettings = {
				ASSETCATALOG_COMPILER_APPICON_NAME = AppIcon;
				ASSETCATALOG_COMPILER_GLOBAL_ACCENT_COLOR_NAME = AccentColor;
				CODE_SIGN_ENTITLEMENTS = SamuwriteNative/SamuwriteNative.entitlements;
				CODE_SIGN_STYLE = Automatic;
				COMBINE_HIDPI_IMAGES = YES;
				CURRENT_PROJECT_VERSION = 6;
				DEVELOPMENT_ASSET_PATHS = "\"SamuwriteNative/Preview Content\"";
				DEVELOPMENT_TEAM = 2A5UDWBZZ2;
				ENABLE_HARDENED_RUNTIME = YES;
				ENABLE_PREVIEWS = YES;
				GENERATE_INFOPLIST_FILE = YES;
				INFOPLIST_FILE = SamuwriteNative/Info.plist;
				INFOPLIST_KEY_CFBundleDisplayName = Samuwrite;
				INFOPLIST_KEY_LSApplicationCategoryType = "public.app-category.developer-tools";
				INFOPLIST_KEY_NSHumanReadableCopyright = "";
				LD_RUNPATH_SEARCH_PATHS = (
					"$(inherited)",
					"@executable_path/../Frameworks",
				);
				MACOSX_DEPLOYMENT_TARGET = 11.0;
				MARKETING_VERSION = 1.0.2;
				PRODUCT_BUNDLE_IDENTIFIER = com.ldakhoa.SamuwriteNative;
				PRODUCT_NAME = Samuwrite;
				SWIFT_EMIT_LOC_STRINGS = YES;
				SWIFT_VERSION = 5.0;
			};
			name = Debug;
		};
		6AC673C12855DDDF009D58A2 /* Release */ = {
			isa = XCBuildConfiguration;
			buildSettings = {
				ASSETCATALOG_COMPILER_APPICON_NAME = AppIcon;
				ASSETCATALOG_COMPILER_GLOBAL_ACCENT_COLOR_NAME = AccentColor;
				CODE_SIGN_ENTITLEMENTS = SamuwriteNative/SamuwriteNative.entitlements;
				CODE_SIGN_STYLE = Automatic;
				COMBINE_HIDPI_IMAGES = YES;
				CURRENT_PROJECT_VERSION = 6;
				DEVELOPMENT_ASSET_PATHS = "\"SamuwriteNative/Preview Content\"";
				DEVELOPMENT_TEAM = 2A5UDWBZZ2;
				ENABLE_HARDENED_RUNTIME = YES;
				ENABLE_PREVIEWS = YES;
				GENERATE_INFOPLIST_FILE = YES;
				INFOPLIST_FILE = SamuwriteNative/Info.plist;
				INFOPLIST_KEY_CFBundleDisplayName = Samuwrite;
				INFOPLIST_KEY_LSApplicationCategoryType = "public.app-category.developer-tools";
				INFOPLIST_KEY_NSHumanReadableCopyright = "";
				LD_RUNPATH_SEARCH_PATHS = (
					"$(inherited)",
					"@executable_path/../Frameworks",
				);
				MACOSX_DEPLOYMENT_TARGET = 11.0;
				MARKETING_VERSION = 1.0.2;
				PRODUCT_BUNDLE_IDENTIFIER = com.ldakhoa.SamuwriteNative;
				PRODUCT_NAME = Samuwrite;
				SWIFT_EMIT_LOC_STRINGS = YES;
				SWIFT_VERSION = 5.0;
			};
			name = Release;
		};
/* End XCBuildConfiguration section */

/* Begin XCConfigurationList section */
		6AC673AB2855DDDE009D58A2 /* Build configuration list for PBXProject "SamuwriteNative" */ = {
			isa = XCConfigurationList;
			buildConfigurations = (
				6AC673BD2855DDDF009D58A2 /* Debug */,
				6AC673BE2855DDDF009D58A2 /* Release */,
			);
			defaultConfigurationIsVisible = 0;
			defaultConfigurationName = Release;
		};
		6AC673BF2855DDDF009D58A2 /* Build configuration list for PBXNativeTarget "SamuwriteNative" */ = {
			isa = XCConfigurationList;
			buildConfigurations = (
				6AC673C02855DDDF009D58A2 /* Debug */,
				6AC673C12855DDDF009D58A2 /* Release */,
			);
			defaultConfigurationIsVisible = 0;
			defaultConfigurationName = Release;
		};
/* End XCConfigurationList section */
	};
	rootObject = 6AC673A82855DDDE009D58A2 /* Project object */;
}
